
Microsoft Visual Studio Solution File, Format Version 12.00
# Visual Studio Version 17
VisualStudioVersion = 17.4.33103.184
MinimumVisualStudioVersion = 10.0.40219.1
Project("{9A19103F-16F7-4668-BE54-9A1E7A4F7556}") = "Task2", "Task2\Task2.csproj", "{FDFDF0CB-1352-475F-9DB5-612F477AA05B}"
EndProject
Project("{FAE04EC0-301F-11D3-BF4B-00C04F79EFBC}") = "Tests", "Tests\Tests.csproj", "{E98C9361-AD14-437E-9365-C7D01BA0607C}"
EndProject
Global
	GlobalSection(SolutionConfigurationPlatforms) = preSolution
		Debug|Any CPU = Debug|Any CPU
		Release|Any CPU = Release|Any CPU
	EndGlobalSection
	GlobalSection(ProjectConfigurationPlatforms) = postSolution
		{FDFDF0CB-1352-475F-9DB5-612F477AA05B}.Debug|Any CPU.ActiveCfg = Debug|Any CPU
		{FDFDF0CB-1352-475F-9DB5-612F477AA05B}.Debug|Any CPU.Build.0 = Debug|Any CPU
		{FDFDF0CB-1352-475F-9DB5-612F477AA05B}.Release|Any CPU.ActiveCfg = Release|Any CPU
		{FDFDF0CB-1352-475F-9DB5-612F477AA05B}.Release|Any CPU.Build.0 = Release|Any CPU
		{E98C9361-AD14-437E-9365-C7D01BA0607C}.Debug|Any CPU.ActiveCfg = Debug|Any CPU
		{E98C9361-AD14-437E-9365-C7D01BA0607C}.Debug|Any CPU.Build.0 = Debug|Any CPU
		{E98C9361-AD14-437E-9365-C7D01BA0607C}.Release|Any CPU.ActiveCfg = Release|Any CPU
		{E98C9361-AD14-437E-9365-C7D01BA0607C}.Release|Any CPU.Build.0 = Release|Any CPU
	EndGlobalSection
	GlobalSection(SolutionProperties) = preSolution
		HideSolutionNode = FALSE
	EndGlobalSection
	GlobalSection(ExtensibilityGlobals) = postSolution
		SolutionGuid = {2F043628-26FE-4891-A4EB-DA8CBE0B8B12}
	EndGlobalSection
EndGlobal
